
Microsoft Visual Studio Solution File, Format Version 12.00
# Visual Studio Version 17
VisualStudioVersion = 17.8.34309.116
MinimumVisualStudioVersion = 10.0.40219.1
Project("{FAE04EC0-301F-11D3-BF4B-00C04F79EFBC}") = "UnlockAllTilesMod", "UnlockAllTilesMod.csproj", "{E27FB639-EABF-4A41-B39C-85726BA8DC2E}"
EndProject
Global
	GlobalSection(SolutionConfigurationPlatforms) = preSolution
		Debug|Any CPU = Debug|Any CPU
		Release|Any CPU = Release|Any CPU
	EndGlobalSection
	GlobalSection(ProjectConfigurationPlatforms) = postSolution
		{E27FB639-EABF-4A41-B39C-85726BA8DC2E}.Debug|Any CPU.ActiveCfg = Debug|Any CPU
		{E27FB639-EABF-4A41-B39C-85726BA8DC2E}.Debug|Any CPU.Build.0 = Debug|Any CPU
		{E27FB639-EABF-4A41-B39C-85726BA8DC2E}.Release|Any CPU.ActiveCfg = Release|Any CPU
		{E27FB639-EABF-4A41-B39C-85726BA8DC2E}.Release|Any CPU.Build.0 = Release|Any CPU
	EndGlobalSection
	GlobalSection(SolutionProperties) = preSolution
		HideSolutionNode = FALSE
	EndGlobalSection
	GlobalSection(ExtensibilityGlobals) = postSolution
		SolutionGuid = {9147C802-57BB-4D7E-8CF4-47C18294C528}
	EndGlobalSection
EndGlobal
